
Microsoft Visual Studio Solution File, Format Version 12.00
# Visual Studio 15
VisualStudioVersion = 15.0.28010.2003
MinimumVisualStudioVersion = 10.0.40219.1
Project("{FAE04EC0-301F-11D3-BF4B-00C04F79EFBC}") = "livro_exercicio9", "livro_exercicio9\livro_exercicio9.csproj", "{C0C6444A-64D8-4EB5-B05E-46936BD7D9B6}"
EndProject
Global
	GlobalSection(SolutionConfigurationPlatforms) = preSolution
		Debug|Any CPU = Debug|Any CPU
		Release|Any CPU = Release|Any CPU
	EndGlobalSection
	GlobalSection(ProjectConfigurationPlatforms) = postSolution
		{C0C6444A-64D8-4EB5-B05E-46936BD7D9B6}.Debug|Any CPU.ActiveCfg = Debug|Any CPU
		{C0C6444A-64D8-4EB5-B05E-46936BD7D9B6}.Debug|Any CPU.Build.0 = Debug|Any CPU
		{C0C6444A-64D8-4EB5-B05E-46936BD7D9B6}.Release|Any CPU.ActiveCfg = Release|Any CPU
		{C0C6444A-64D8-4EB5-B05E-46936BD7D9B6}.Release|Any CPU.Build.0 = Release|Any CPU
	EndGlobalSection
	GlobalSection(SolutionProperties) = preSolution
		HideSolutionNode = FALSE
	EndGlobalSection
	GlobalSection(ExtensibilityGlobals) = postSolution
		SolutionGuid = {DE591629-35F1-4EB4-8B50-8F14E3C40A6B}
	EndGlobalSection
EndGlobal
