
Microsoft Visual Studio Solution File, Format Version 12.00
# Visual Studio 15
VisualStudioVersion = 15.0.28010.2003
MinimumVisualStudioVersion = 10.0.40219.1
Project("{FAE04EC0-301F-11D3-BF4B-00C04F79EFBC}") = "livro_exercicio4", "livro_exercicio4\livro_exercicio4.csproj", "{ADCC2585-64B5-4F1D-A350-690062350083}"
EndProject
Global
	GlobalSection(SolutionConfigurationPlatforms) = preSolution
		Debug|Any CPU = Debug|Any CPU
		Release|Any CPU = Release|Any CPU
	EndGlobalSection
	GlobalSection(ProjectConfigurationPlatforms) = postSolution
		{ADCC2585-64B5-4F1D-A350-690062350083}.Debug|Any CPU.ActiveCfg = Debug|Any CPU
		{ADCC2585-64B5-4F1D-A350-690062350083}.Debug|Any CPU.Build.0 = Debug|Any CPU
		{ADCC2585-64B5-4F1D-A350-690062350083}.Release|Any CPU.ActiveCfg = Release|Any CPU
		{ADCC2585-64B5-4F1D-A350-690062350083}.Release|Any CPU.Build.0 = Release|Any CPU
	EndGlobalSection
	GlobalSection(SolutionProperties) = preSolution
		HideSolutionNode = FALSE
	EndGlobalSection
	GlobalSection(ExtensibilityGlobals) = postSolution
		SolutionGuid = {2B0C8746-91BB-4AE0-B8BB-96E794E2450C}
	EndGlobalSection
EndGlobal
