
Microsoft Visual Studio Solution File, Format Version 12.00
# Visual Studio 15
VisualStudioVersion = 15.0.28010.2003
MinimumVisualStudioVersion = 10.0.40219.1
Project("{FAE04EC0-301F-11D3-BF4B-00C04F79EFBC}") = "lista_exercicio2", "lista_exercicio2\lista_exercicio2.csproj", "{F104C58E-7D46-4465-B355-AB77ECAB9B21}"
EndProject
Global
	GlobalSection(SolutionConfigurationPlatforms) = preSolution
		Debug|Any CPU = Debug|Any CPU
		Release|Any CPU = Release|Any CPU
	EndGlobalSection
	GlobalSection(ProjectConfigurationPlatforms) = postSolution
		{F104C58E-7D46-4465-B355-AB77ECAB9B21}.Debug|Any CPU.ActiveCfg = Debug|Any CPU
		{F104C58E-7D46-4465-B355-AB77ECAB9B21}.Debug|Any CPU.Build.0 = Debug|Any CPU
		{F104C58E-7D46-4465-B355-AB77ECAB9B21}.Release|Any CPU.ActiveCfg = Release|Any CPU
		{F104C58E-7D46-4465-B355-AB77ECAB9B21}.Release|Any CPU.Build.0 = Release|Any CPU
	EndGlobalSection
	GlobalSection(SolutionProperties) = preSolution
		HideSolutionNode = FALSE
	EndGlobalSection
	GlobalSection(ExtensibilityGlobals) = postSolution
		SolutionGuid = {E883E271-EDF0-4F9F-9B32-04435B9D82C1}
	EndGlobalSection
EndGlobal
