
Microsoft Visual Studio Solution File, Format Version 12.00
# Visual Studio 15
VisualStudioVersion = 15.0.28010.2003
MinimumVisualStudioVersion = 10.0.40219.1
Project("{FAE04EC0-301F-11D3-BF4B-00C04F79EFBC}") = "livro_exercicio17", "livro_exercicio17\livro_exercicio17.csproj", "{B600B259-A740-4E40-A5A5-CD598BDC8DFB}"
EndProject
Global
	GlobalSection(SolutionConfigurationPlatforms) = preSolution
		Debug|Any CPU = Debug|Any CPU
		Release|Any CPU = Release|Any CPU
	EndGlobalSection
	GlobalSection(ProjectConfigurationPlatforms) = postSolution
		{B600B259-A740-4E40-A5A5-CD598BDC8DFB}.Debug|Any CPU.ActiveCfg = Debug|Any CPU
		{B600B259-A740-4E40-A5A5-CD598BDC8DFB}.Debug|Any CPU.Build.0 = Debug|Any CPU
		{B600B259-A740-4E40-A5A5-CD598BDC8DFB}.Release|Any CPU.ActiveCfg = Release|Any CPU
		{B600B259-A740-4E40-A5A5-CD598BDC8DFB}.Release|Any CPU.Build.0 = Release|Any CPU
	EndGlobalSection
	GlobalSection(SolutionProperties) = preSolution
		HideSolutionNode = FALSE
	EndGlobalSection
	GlobalSection(ExtensibilityGlobals) = postSolution
		SolutionGuid = {2D52CE6C-DDB4-4E04-82AE-D75F8EDA9D5E}
	EndGlobalSection
EndGlobal
