
Microsoft Visual Studio Solution File, Format Version 12.00
# Visual Studio 15
VisualStudioVersion = 15.0.28010.2003
MinimumVisualStudioVersion = 10.0.40219.1
Project("{FAE04EC0-301F-11D3-BF4B-00C04F79EFBC}") = "livro_exercicio14", "livro_exercicio14\livro_exercicio14.csproj", "{AE5520B9-E8BD-4924-A94A-04E8F1C1B319}"
EndProject
Global
	GlobalSection(SolutionConfigurationPlatforms) = preSolution
		Debug|Any CPU = Debug|Any CPU
		Release|Any CPU = Release|Any CPU
	EndGlobalSection
	GlobalSection(ProjectConfigurationPlatforms) = postSolution
		{AE5520B9-E8BD-4924-A94A-04E8F1C1B319}.Debug|Any CPU.ActiveCfg = Debug|Any CPU
		{AE5520B9-E8BD-4924-A94A-04E8F1C1B319}.Debug|Any CPU.Build.0 = Debug|Any CPU
		{AE5520B9-E8BD-4924-A94A-04E8F1C1B319}.Release|Any CPU.ActiveCfg = Release|Any CPU
		{AE5520B9-E8BD-4924-A94A-04E8F1C1B319}.Release|Any CPU.Build.0 = Release|Any CPU
	EndGlobalSection
	GlobalSection(SolutionProperties) = preSolution
		HideSolutionNode = FALSE
	EndGlobalSection
	GlobalSection(ExtensibilityGlobals) = postSolution
		SolutionGuid = {8E3FE579-7853-46F5-A5DC-5D96F5C531B2}
	EndGlobalSection
EndGlobal
